
Microsoft Visual Studio Solution File, Format Version 12.00
# Visual Studio 15
VisualStudioVersion = 15.0.28010.2048
MinimumVisualStudioVersion = 10.0.40219.1
Project("{FAE04EC0-301F-11D3-BF4B-00C04F79EFBC}") = "ChristmasTreeKata", "ChristmasTreeKata\ChristmasTreeKata.csproj", "{2EF09EBD-D0D5-4B89-A32D-00D93FA5ABCE}"
EndProject
Project("{FAE04EC0-301F-11D3-BF4B-00C04F79EFBC}") = "ChristmasTree.Tests", "ChristmasTree.Tests\ChristmasTree.Tests.csproj", "{A87CB4BF-707E-403F-8D0F-FA5E436E587E}"
EndProject
Global
	GlobalSection(SolutionConfigurationPlatforms) = preSolution
		Debug|Any CPU = Debug|Any CPU
		Release|Any CPU = Release|Any CPU
	EndGlobalSection
	GlobalSection(ProjectConfigurationPlatforms) = postSolution
		{2EF09EBD-D0D5-4B89-A32D-00D93FA5ABCE}.Debug|Any CPU.ActiveCfg = Debug|Any CPU
		{2EF09EBD-D0D5-4B89-A32D-00D93FA5ABCE}.Debug|Any CPU.Build.0 = Debug|Any CPU
		{2EF09EBD-D0D5-4B89-A32D-00D93FA5ABCE}.Release|Any CPU.ActiveCfg = Release|Any CPU
		{2EF09EBD-D0D5-4B89-A32D-00D93FA5ABCE}.Release|Any CPU.Build.0 = Release|Any CPU
		{A87CB4BF-707E-403F-8D0F-FA5E436E587E}.Debug|Any CPU.ActiveCfg = Debug|Any CPU
		{A87CB4BF-707E-403F-8D0F-FA5E436E587E}.Debug|Any CPU.Build.0 = Debug|Any CPU
		{A87CB4BF-707E-403F-8D0F-FA5E436E587E}.Release|Any CPU.ActiveCfg = Release|Any CPU
		{A87CB4BF-707E-403F-8D0F-FA5E436E587E}.Release|Any CPU.Build.0 = Release|Any CPU
	EndGlobalSection
	GlobalSection(SolutionProperties) = preSolution
		HideSolutionNode = FALSE
	EndGlobalSection
	GlobalSection(ExtensibilityGlobals) = postSolution
		SolutionGuid = {E90A397D-BDC0-4D49-A692-FDA95BC8E73A}
	EndGlobalSection
EndGlobal
